
Microsoft Visual Studio Solution File, Format Version 12.00
# Visual Studio 15
VisualStudioVersion = 15.0.28307.902
MinimumVisualStudioVersion = 10.0.40219.1
Project("{FAE04EC0-301F-11D3-BF4B-00C04F79EFBC}") = "Films", "Films\Films.csproj", "{1D9DFCC7-F7B3-42FD-904F-703FDDE3DD14}"
EndProject
Global
	GlobalSection(SolutionConfigurationPlatforms) = preSolution
		Debug|Any CPU = Debug|Any CPU
		Release|Any CPU = Release|Any CPU
	EndGlobalSection
	GlobalSection(ProjectConfigurationPlatforms) = postSolution
		{1D9DFCC7-F7B3-42FD-904F-703FDDE3DD14}.Debug|Any CPU.ActiveCfg = Debug|Any CPU
		{1D9DFCC7-F7B3-42FD-904F-703FDDE3DD14}.Debug|Any CPU.Build.0 = Debug|Any CPU
		{1D9DFCC7-F7B3-42FD-904F-703FDDE3DD14}.Release|Any CPU.ActiveCfg = Release|Any CPU
		{1D9DFCC7-F7B3-42FD-904F-703FDDE3DD14}.Release|Any CPU.Build.0 = Release|Any CPU
	EndGlobalSection
	GlobalSection(SolutionProperties) = preSolution
		HideSolutionNode = FALSE
	EndGlobalSection
	GlobalSection(ExtensibilityGlobals) = postSolution
		SolutionGuid = {DC60063E-9405-4477-A958-F9B783FC2989}
	EndGlobalSection
EndGlobal
